
Microsoft Visual Studio Solution File, Format Version 12.00
# Visual Studio Version 17
VisualStudioVersion = 17.4.33110.190
MinimumVisualStudioVersion = 10.0.40219.1
Project("{2150E333-8FDC-42A3-9474-1A3956D46DE8}") = "src", "src", "{126E00BB-1BA7-4411-AE56-88C15DEE3936}"
EndProject
Project("{2150E333-8FDC-42A3-9474-1A3956D46DE8}") = "tests", "tests", "{736F518D-5D13-4E03-B3CB-C7CA395F77E3}"
EndProject
Project("{9A19103F-16F7-4668-BE54-9A1E7A4F7556}") = "AocHelper", "src\AocHelper\AocHelper.csproj", "{37C670B2-B0C0-4766-AAA7-D41D8740BC42}"
EndProject
Project("{9A19103F-16F7-4668-BE54-9A1E7A4F7556}") = "Day01", "src\Day01\Day01.csproj", "{CB6FED86-8CF9-4391-BD5F-13C24DC2CA31}"
EndProject
Project("{9A19103F-16F7-4668-BE54-9A1E7A4F7556}") = "Day02", "src\Day02\Day02.csproj", "{3E92A055-A6CF-4C15-8CC6-EBE22F11E628}"
EndProject
Project("{9A19103F-16F7-4668-BE54-9A1E7A4F7556}") = "Day04", "src\Day04\Day04.csproj", "{C0F536FB-2859-4B3F-B05E-6DB7AE9FB99A}"
EndProject
Project("{9A19103F-16F7-4668-BE54-9A1E7A4F7556}") = "Day05", "src\Day05\Day05.csproj", "{06F3DB60-48BE-4993-A4E0-24D1A614B51D}"
EndProject
Project("{9A19103F-16F7-4668-BE54-9A1E7A4F7556}") = "Day06.ScrewYouBitDefender", "src\Day06.ScrewYouBitDefender\Day06.ScrewYouBitDefender.csproj", "{FF0A7788-64F4-4A54-B87B-32882C5DC3A1}"
EndProject
Project("{9A19103F-16F7-4668-BE54-9A1E7A4F7556}") = "Day03.ScrewYouBitDefender", "src\Day03.ScrewYouBitDefender\Day03.ScrewYouBitDefender.csproj", "{9F31B607-92A1-43DA-935C-F68FF263D7E2}"
EndProject
Project("{9A19103F-16F7-4668-BE54-9A1E7A4F7556}") = "Day07", "src\Day07\Day07.csproj", "{07E214C1-B63A-4CE9-B8E4-B805D960F9B9}"
EndProject
Project("{9A19103F-16F7-4668-BE54-9A1E7A4F7556}") = "Day08", "src\Day08\Day08.csproj", "{D9EBBBF5-9F40-4402-ABAD-F6B84DE8A094}"
EndProject
Project("{9A19103F-16F7-4668-BE54-9A1E7A4F7556}") = "Day10", "src\Day10\Day10.csproj", "{6239F406-2ADB-4AC5-9CA2-F05C4F398079}"
EndProject
Project("{9A19103F-16F7-4668-BE54-9A1E7A4F7556}") = "Day09", "src\Day09\Day09.csproj", "{B04E8E88-43A1-4CF1-9127-6FA056FDF1D3}"
EndProject
Project("{9A19103F-16F7-4668-BE54-9A1E7A4F7556}") = "Day11", "src\Day11\Day11.csproj", "{C448B0C1-A388-4099-87DF-F16012EF7D3A}"
EndProject
Project("{9A19103F-16F7-4668-BE54-9A1E7A4F7556}") = "Day12", "src\Day12\Day12.csproj", "{3F3D1298-A507-41FA-B3E0-37222FDC5E3C}"
EndProject
Project("{9A19103F-16F7-4668-BE54-9A1E7A4F7556}") = "Day14", "src\Day14\Day14.csproj", "{D91B5202-9C17-4619-B8EE-AF8FF15A0B72}"
EndProject
Project("{9A19103F-16F7-4668-BE54-9A1E7A4F7556}") = "Day13", "src\Day13\Day13.csproj", "{78F3586E-1D98-4B91-8083-7AA83EF7CAB2}"
EndProject
Project("{9A19103F-16F7-4668-BE54-9A1E7A4F7556}") = "Day15", "src\Day15\Day15.csproj", "{D9050192-593A-4A24-A410-1635F43E2121}"
EndProject
Project("{9A19103F-16F7-4668-BE54-9A1E7A4F7556}") = "Day16", "src\Day16\Day16.csproj", "{A3701B30-7A8F-4628-8E84-05CCB8D45C33}"
EndProject
Project("{9A19103F-16F7-4668-BE54-9A1E7A4F7556}") = "Day17", "src\Day17\Day17.csproj", "{ED5E9F18-465A-4C56-9F9F-0CF3A21C954E}"
EndProject
Project("{9A19103F-16F7-4668-BE54-9A1E7A4F7556}") = "Day20", "src\Day20\Day20.csproj", "{12775215-F076-4A1A-BA06-69D35C6369A6}"
EndProject
Project("{9A19103F-16F7-4668-BE54-9A1E7A4F7556}") = "Day18", "src\Day18\Day18.csproj", "{3EAAE157-33A1-40AF-A6C4-30F5ED60BCDB}"
EndProject
Project("{9A19103F-16F7-4668-BE54-9A1E7A4F7556}") = "Day19", "src\Day19\Day19.csproj", "{E1B830DC-D516-4D31-8C6A-8C607523F8BB}"
EndProject
Project("{FAE04EC0-301F-11D3-BF4B-00C04F79EFBC}") = "Day25", "src\Day25\Day25.csproj", "{35560DF3-42A8-46AF-9AB3-20FFA70D272D}"
EndProject
Project("{9A19103F-16F7-4668-BE54-9A1E7A4F7556}") = "Day21", "src\Day21\Day21.csproj", "{CE3CCC8F-5FAE-4989-AEB8-C01E78E52FF1}"
EndProject
Project("{9A19103F-16F7-4668-BE54-9A1E7A4F7556}") = "Day22", "src\Day22\Day22.csproj", "{D3D231B1-EC29-4826-BB05-033794F6E1C6}"
EndProject
Project("{FAE04EC0-301F-11D3-BF4B-00C04F79EFBC}") = "Day23", "src\Day23\Day23.csproj", "{6C8C67CB-8E86-4EB6-B796-EB1A10CEB69E}"
EndProject
Global
	GlobalSection(SolutionConfigurationPlatforms) = preSolution
		Debug|Any CPU = Debug|Any CPU
		Release|Any CPU = Release|Any CPU
	EndGlobalSection
	GlobalSection(ProjectConfigurationPlatforms) = postSolution
		{37C670B2-B0C0-4766-AAA7-D41D8740BC42}.Debug|Any CPU.ActiveCfg = Debug|Any CPU
		{37C670B2-B0C0-4766-AAA7-D41D8740BC42}.Debug|Any CPU.Build.0 = Debug|Any CPU
		{37C670B2-B0C0-4766-AAA7-D41D8740BC42}.Release|Any CPU.ActiveCfg = Release|Any CPU
		{37C670B2-B0C0-4766-AAA7-D41D8740BC42}.Release|Any CPU.Build.0 = Release|Any CPU
		{CB6FED86-8CF9-4391-BD5F-13C24DC2CA31}.Debug|Any CPU.ActiveCfg = Debug|Any CPU
		{CB6FED86-8CF9-4391-BD5F-13C24DC2CA31}.Debug|Any CPU.Build.0 = Debug|Any CPU
		{CB6FED86-8CF9-4391-BD5F-13C24DC2CA31}.Release|Any CPU.ActiveCfg = Release|Any CPU
		{CB6FED86-8CF9-4391-BD5F-13C24DC2CA31}.Release|Any CPU.Build.0 = Release|Any CPU
		{3E92A055-A6CF-4C15-8CC6-EBE22F11E628}.Debug|Any CPU.ActiveCfg = Debug|Any CPU
		{3E92A055-A6CF-4C15-8CC6-EBE22F11E628}.Debug|Any CPU.Build.0 = Debug|Any CPU
		{3E92A055-A6CF-4C15-8CC6-EBE22F11E628}.Release|Any CPU.ActiveCfg = Release|Any CPU
		{3E92A055-A6CF-4C15-8CC6-EBE22F11E628}.Release|Any CPU.Build.0 = Release|Any CPU
		{C0F536FB-2859-4B3F-B05E-6DB7AE9FB99A}.Debug|Any CPU.ActiveCfg = Debug|Any CPU
		{C0F536FB-2859-4B3F-B05E-6DB7AE9FB99A}.Debug|Any CPU.Build.0 = Debug|Any CPU
		{C0F536FB-2859-4B3F-B05E-6DB7AE9FB99A}.Release|Any CPU.ActiveCfg = Release|Any CPU
		{C0F536FB-2859-4B3F-B05E-6DB7AE9FB99A}.Release|Any CPU.Build.0 = Release|Any CPU
		{06F3DB60-48BE-4993-A4E0-24D1A614B51D}.Debug|Any CPU.ActiveCfg = Debug|Any CPU
		{06F3DB60-48BE-4993-A4E0-24D1A614B51D}.Debug|Any CPU.Build.0 = Debug|Any CPU
		{06F3DB60-48BE-4993-A4E0-24D1A614B51D}.Release|Any CPU.ActiveCfg = Release|Any CPU
		{06F3DB60-48BE-4993-A4E0-24D1A614B51D}.Release|Any CPU.Build.0 = Release|Any CPU
		{FF0A7788-64F4-4A54-B87B-32882C5DC3A1}.Debug|Any CPU.ActiveCfg = Debug|Any CPU
		{FF0A7788-64F4-4A54-B87B-32882C5DC3A1}.Debug|Any CPU.Build.0 = Debug|Any CPU
		{FF0A7788-64F4-4A54-B87B-32882C5DC3A1}.Release|Any CPU.ActiveCfg = Release|Any CPU
		{FF0A7788-64F4-4A54-B87B-32882C5DC3A1}.Release|Any CPU.Build.0 = Release|Any CPU
		{9F31B607-92A1-43DA-935C-F68FF263D7E2}.Debug|Any CPU.ActiveCfg = Debug|Any CPU
		{9F31B607-92A1-43DA-935C-F68FF263D7E2}.Debug|Any CPU.Build.0 = Debug|Any CPU
		{9F31B607-92A1-43DA-935C-F68FF263D7E2}.Release|Any CPU.ActiveCfg = Release|Any CPU
		{9F31B607-92A1-43DA-935C-F68FF263D7E2}.Release|Any CPU.Build.0 = Release|Any CPU
		{07E214C1-B63A-4CE9-B8E4-B805D960F9B9}.Debug|Any CPU.ActiveCfg = Debug|Any CPU
		{07E214C1-B63A-4CE9-B8E4-B805D960F9B9}.Debug|Any CPU.Build.0 = Debug|Any CPU
		{07E214C1-B63A-4CE9-B8E4-B805D960F9B9}.Release|Any CPU.ActiveCfg = Release|Any CPU
		{07E214C1-B63A-4CE9-B8E4-B805D960F9B9}.Release|Any CPU.Build.0 = Release|Any CPU
		{D9EBBBF5-9F40-4402-ABAD-F6B84DE8A094}.Debug|Any CPU.ActiveCfg = Debug|Any CPU
		{D9EBBBF5-9F40-4402-ABAD-F6B84DE8A094}.Debug|Any CPU.Build.0 = Debug|Any CPU
		{D9EBBBF5-9F40-4402-ABAD-F6B84DE8A094}.Release|Any CPU.ActiveCfg = Release|Any CPU
		{D9EBBBF5-9F40-4402-ABAD-F6B84DE8A094}.Release|Any CPU.Build.0 = Release|Any CPU
		{6239F406-2ADB-4AC5-9CA2-F05C4F398079}.Debug|Any CPU.ActiveCfg = Debug|Any CPU
		{6239F406-2ADB-4AC5-9CA2-F05C4F398079}.Debug|Any CPU.Build.0 = Debug|Any CPU
		{6239F406-2ADB-4AC5-9CA2-F05C4F398079}.Release|Any CPU.ActiveCfg = Release|Any CPU
		{6239F406-2ADB-4AC5-9CA2-F05C4F398079}.Release|Any CPU.Build.0 = Release|Any CPU
		{B04E8E88-43A1-4CF1-9127-6FA056FDF1D3}.Debug|Any CPU.ActiveCfg = Debug|Any CPU
		{B04E8E88-43A1-4CF1-9127-6FA056FDF1D3}.Debug|Any CPU.Build.0 = Debug|Any CPU
		{B04E8E88-43A1-4CF1-9127-6FA056FDF1D3}.Release|Any CPU.ActiveCfg = Release|Any CPU
		{B04E8E88-43A1-4CF1-9127-6FA056FDF1D3}.Release|Any CPU.Build.0 = Release|Any CPU
		{C448B0C1-A388-4099-87DF-F16012EF7D3A}.Debug|Any CPU.ActiveCfg = Debug|Any CPU
		{C448B0C1-A388-4099-87DF-F16012EF7D3A}.Debug|Any CPU.Build.0 = Debug|Any CPU
		{C448B0C1-A388-4099-87DF-F16012EF7D3A}.Release|Any CPU.ActiveCfg = Release|Any CPU
		{C448B0C1-A388-4099-87DF-F16012EF7D3A}.Release|Any CPU.Build.0 = Release|Any CPU
		{3F3D1298-A507-41FA-B3E0-37222FDC5E3C}.Debug|Any CPU.ActiveCfg = Debug|Any CPU
		{3F3D1298-A507-41FA-B3E0-37222FDC5E3C}.Debug|Any CPU.Build.0 = Debug|Any CPU
		{3F3D1298-A507-41FA-B3E0-37222FDC5E3C}.Release|Any CPU.ActiveCfg = Release|Any CPU
		{3F3D1298-A507-41FA-B3E0-37222FDC5E3C}.Release|Any CPU.Build.0 = Release|Any CPU
		{D91B5202-9C17-4619-B8EE-AF8FF15A0B72}.Debug|Any CPU.ActiveCfg = Debug|Any CPU
		{D91B5202-9C17-4619-B8EE-AF8FF15A0B72}.Debug|Any CPU.Build.0 = Debug|Any CPU
		{D91B5202-9C17-4619-B8EE-AF8FF15A0B72}.Release|Any CPU.ActiveCfg = Release|Any CPU
		{D91B5202-9C17-4619-B8EE-AF8FF15A0B72}.Release|Any CPU.Build.0 = Release|Any CPU
		{78F3586E-1D98-4B91-8083-7AA83EF7CAB2}.Debug|Any CPU.ActiveCfg = Debug|Any CPU
		{78F3586E-1D98-4B91-8083-7AA83EF7CAB2}.Debug|Any CPU.Build.0 = Debug|Any CPU
		{78F3586E-1D98-4B91-8083-7AA83EF7CAB2}.Release|Any CPU.ActiveCfg = Release|Any CPU
		{78F3586E-1D98-4B91-8083-7AA83EF7CAB2}.Release|Any CPU.Build.0 = Release|Any CPU
		{D9050192-593A-4A24-A410-1635F43E2121}.Debug|Any CPU.ActiveCfg = Debug|Any CPU
		{D9050192-593A-4A24-A410-1635F43E2121}.Debug|Any CPU.Build.0 = Debug|Any CPU
		{D9050192-593A-4A24-A410-1635F43E2121}.Release|Any CPU.ActiveCfg = Release|Any CPU
		{D9050192-593A-4A24-A410-1635F43E2121}.Release|Any CPU.Build.0 = Release|Any CPU
		{A3701B30-7A8F-4628-8E84-05CCB8D45C33}.Debug|Any CPU.ActiveCfg = Debug|Any CPU
		{A3701B30-7A8F-4628-8E84-05CCB8D45C33}.Debug|Any CPU.Build.0 = Debug|Any CPU
		{A3701B30-7A8F-4628-8E84-05CCB8D45C33}.Release|Any CPU.ActiveCfg = Release|Any CPU
		{A3701B30-7A8F-4628-8E84-05CCB8D45C33}.Release|Any CPU.Build.0 = Release|Any CPU
		{ED5E9F18-465A-4C56-9F9F-0CF3A21C954E}.Debug|Any CPU.ActiveCfg = Debug|Any CPU
		{ED5E9F18-465A-4C56-9F9F-0CF3A21C954E}.Debug|Any CPU.Build.0 = Debug|Any CPU
		{ED5E9F18-465A-4C56-9F9F-0CF3A21C954E}.Release|Any CPU.ActiveCfg = Release|Any CPU
		{ED5E9F18-465A-4C56-9F9F-0CF3A21C954E}.Release|Any CPU.Build.0 = Release|Any CPU
		{12775215-F076-4A1A-BA06-69D35C6369A6}.Debug|Any CPU.ActiveCfg = Debug|Any CPU
		{12775215-F076-4A1A-BA06-69D35C6369A6}.Debug|Any CPU.Build.0 = Debug|Any CPU
		{12775215-F076-4A1A-BA06-69D35C6369A6}.Release|Any CPU.ActiveCfg = Release|Any CPU
		{12775215-F076-4A1A-BA06-69D35C6369A6}.Release|Any CPU.Build.0 = Release|Any CPU
		{3EAAE157-33A1-40AF-A6C4-30F5ED60BCDB}.Debug|Any CPU.ActiveCfg = Debug|Any CPU
		{3EAAE157-33A1-40AF-A6C4-30F5ED60BCDB}.Debug|Any CPU.Build.0 = Debug|Any CPU
		{3EAAE157-33A1-40AF-A6C4-30F5ED60BCDB}.Release|Any CPU.ActiveCfg = Release|Any CPU
		{3EAAE157-33A1-40AF-A6C4-30F5ED60BCDB}.Release|Any CPU.Build.0 = Release|Any CPU
		{E1B830DC-D516-4D31-8C6A-8C607523F8BB}.Debug|Any CPU.ActiveCfg = Debug|Any CPU
		{E1B830DC-D516-4D31-8C6A-8C607523F8BB}.Debug|Any CPU.Build.0 = Debug|Any CPU
		{E1B830DC-D516-4D31-8C6A-8C607523F8BB}.Release|Any CPU.ActiveCfg = Release|Any CPU
		{E1B830DC-D516-4D31-8C6A-8C607523F8BB}.Release|Any CPU.Build.0 = Release|Any CPU
		{35560DF3-42A8-46AF-9AB3-20FFA70D272D}.Debug|Any CPU.ActiveCfg = Debug|Any CPU
		{35560DF3-42A8-46AF-9AB3-20FFA70D272D}.Debug|Any CPU.Build.0 = Debug|Any CPU
		{35560DF3-42A8-46AF-9AB3-20FFA70D272D}.Release|Any CPU.ActiveCfg = Release|Any CPU
		{35560DF3-42A8-46AF-9AB3-20FFA70D272D}.Release|Any CPU.Build.0 = Release|Any CPU
		{CE3CCC8F-5FAE-4989-AEB8-C01E78E52FF1}.Debug|Any CPU.ActiveCfg = Debug|Any CPU
		{CE3CCC8F-5FAE-4989-AEB8-C01E78E52FF1}.Debug|Any CPU.Build.0 = Debug|Any CPU
		{CE3CCC8F-5FAE-4989-AEB8-C01E78E52FF1}.Release|Any CPU.ActiveCfg = Release|Any CPU
		{CE3CCC8F-5FAE-4989-AEB8-C01E78E52FF1}.Release|Any CPU.Build.0 = Release|Any CPU
		{D3D231B1-EC29-4826-BB05-033794F6E1C6}.Debug|Any CPU.ActiveCfg = Debug|Any CPU
		{D3D231B1-EC29-4826-BB05-033794F6E1C6}.Debug|Any CPU.Build.0 = Debug|Any CPU
		{D3D231B1-EC29-4826-BB05-033794F6E1C6}.Release|Any CPU.ActiveCfg = Release|Any CPU
		{D3D231B1-EC29-4826-BB05-033794F6E1C6}.Release|Any CPU.Build.0 = Release|Any CPU
		{6C8C67CB-8E86-4EB6-B796-EB1A10CEB69E}.Debug|Any CPU.ActiveCfg = Debug|Any CPU
		{6C8C67CB-8E86-4EB6-B796-EB1A10CEB69E}.Debug|Any CPU.Build.0 = Debug|Any CPU
		{6C8C67CB-8E86-4EB6-B796-EB1A10CEB69E}.Release|Any CPU.ActiveCfg = Release|Any CPU
		{6C8C67CB-8E86-4EB6-B796-EB1A10CEB69E}.Release|Any CPU.Build.0 = Release|Any CPU
	EndGlobalSection
	GlobalSection(SolutionProperties) = preSolution
		HideSolutionNode = FALSE
	EndGlobalSection
	GlobalSection(NestedProjects) = preSolution
		{37C670B2-B0C0-4766-AAA7-D41D8740BC42} = {126E00BB-1BA7-4411-AE56-88C15DEE3936}
		{CB6FED86-8CF9-4391-BD5F-13C24DC2CA31} = {126E00BB-1BA7-4411-AE56-88C15DEE3936}
		{3E92A055-A6CF-4C15-8CC6-EBE22F11E628} = {126E00BB-1BA7-4411-AE56-88C15DEE3936}
		{C0F536FB-2859-4B3F-B05E-6DB7AE9FB99A} = {126E00BB-1BA7-4411-AE56-88C15DEE3936}
		{06F3DB60-48BE-4993-A4E0-24D1A614B51D} = {126E00BB-1BA7-4411-AE56-88C15DEE3936}
		{FF0A7788-64F4-4A54-B87B-32882C5DC3A1} = {126E00BB-1BA7-4411-AE56-88C15DEE3936}
		{9F31B607-92A1-43DA-935C-F68FF263D7E2} = {126E00BB-1BA7-4411-AE56-88C15DEE3936}
		{07E214C1-B63A-4CE9-B8E4-B805D960F9B9} = {126E00BB-1BA7-4411-AE56-88C15DEE3936}
		{D9EBBBF5-9F40-4402-ABAD-F6B84DE8A094} = {126E00BB-1BA7-4411-AE56-88C15DEE3936}
		{6239F406-2ADB-4AC5-9CA2-F05C4F398079} = {126E00BB-1BA7-4411-AE56-88C15DEE3936}
		{B04E8E88-43A1-4CF1-9127-6FA056FDF1D3} = {126E00BB-1BA7-4411-AE56-88C15DEE3936}
		{C448B0C1-A388-4099-87DF-F16012EF7D3A} = {126E00BB-1BA7-4411-AE56-88C15DEE3936}
		{3F3D1298-A507-41FA-B3E0-37222FDC5E3C} = {126E00BB-1BA7-4411-AE56-88C15DEE3936}
		{D91B5202-9C17-4619-B8EE-AF8FF15A0B72} = {126E00BB-1BA7-4411-AE56-88C15DEE3936}
		{78F3586E-1D98-4B91-8083-7AA83EF7CAB2} = {126E00BB-1BA7-4411-AE56-88C15DEE3936}
		{D9050192-593A-4A24-A410-1635F43E2121} = {126E00BB-1BA7-4411-AE56-88C15DEE3936}
		{A3701B30-7A8F-4628-8E84-05CCB8D45C33} = {126E00BB-1BA7-4411-AE56-88C15DEE3936}
		{ED5E9F18-465A-4C56-9F9F-0CF3A21C954E} = {126E00BB-1BA7-4411-AE56-88C15DEE3936}
		{12775215-F076-4A1A-BA06-69D35C6369A6} = {126E00BB-1BA7-4411-AE56-88C15DEE3936}
		{3EAAE157-33A1-40AF-A6C4-30F5ED60BCDB} = {126E00BB-1BA7-4411-AE56-88C15DEE3936}
		{E1B830DC-D516-4D31-8C6A-8C607523F8BB} = {126E00BB-1BA7-4411-AE56-88C15DEE3936}
		{35560DF3-42A8-46AF-9AB3-20FFA70D272D} = {126E00BB-1BA7-4411-AE56-88C15DEE3936}
		{CE3CCC8F-5FAE-4989-AEB8-C01E78E52FF1} = {126E00BB-1BA7-4411-AE56-88C15DEE3936}
		{D3D231B1-EC29-4826-BB05-033794F6E1C6} = {126E00BB-1BA7-4411-AE56-88C15DEE3936}
		{6C8C67CB-8E86-4EB6-B796-EB1A10CEB69E} = {126E00BB-1BA7-4411-AE56-88C15DEE3936}
	EndGlobalSection
	GlobalSection(ExtensibilityGlobals) = postSolution
		SolutionGuid = {6965B1B7-1389-4057-8712-A309ACA51EA5}
	EndGlobalSection
EndGlobal
