
Microsoft Visual Studio Solution File, Format Version 12.00
# Visual Studio Version 17
VisualStudioVersion = 17.4.33110.190
MinimumVisualStudioVersion = 10.0.40219.1
Project("{2150E333-8FDC-42A3-9474-1A3956D46DE8}") = "src", "src", "{126E00BB-1BA7-4411-AE56-88C15DEE3936}"
EndProject
Project("{2150E333-8FDC-42A3-9474-1A3956D46DE8}") = "tests", "tests", "{736F518D-5D13-4E03-B3CB-C7CA395F77E3}"
EndProject
Project("{9A19103F-16F7-4668-BE54-9A1E7A4F7556}") = "AocHelper", "src\AocHelper\AocHelper.csproj", "{37C670B2-B0C0-4766-AAA7-D41D8740BC42}"
EndProject
Project("{9A19103F-16F7-4668-BE54-9A1E7A4F7556}") = "Day01", "src\Day01\Day01.csproj", "{CB6FED86-8CF9-4391-BD5F-13C24DC2CA31}"
EndProject
Project("{9A19103F-16F7-4668-BE54-9A1E7A4F7556}") = "Day02", "src\Day02\Day02.csproj", "{3E92A055-A6CF-4C15-8CC6-EBE22F11E628}"
EndProject
Project("{9A19103F-16F7-4668-BE54-9A1E7A4F7556}") = "Day04", "src\Day04\Day04.csproj", "{C0F536FB-2859-4B3F-B05E-6DB7AE9FB99A}"
EndProject
Project("{9A19103F-16F7-4668-BE54-9A1E7A4F7556}") = "Day05", "src\Day05\Day05.csproj", "{06F3DB60-48BE-4993-A4E0-24D1A614B51D}"
EndProject
Project("{FAE04EC0-301F-11D3-BF4B-00C04F79EFBC}") = "Day06.ScrewYouBitDefender", "src\Day06.ScrewYouBitDefender\Day06.ScrewYouBitDefender.csproj", "{FF0A7788-64F4-4A54-B87B-32882C5DC3A1}"
EndProject
Project("{9A19103F-16F7-4668-BE54-9A1E7A4F7556}") = "Day03.ScrewYouBitDefender", "src\Day03.ScrewYouBitDefender\Day03.ScrewYouBitDefender.csproj", "{9F31B607-92A1-43DA-935C-F68FF263D7E2}"
EndProject
Global
	GlobalSection(SolutionConfigurationPlatforms) = preSolution
		Debug|Any CPU = Debug|Any CPU
		Release|Any CPU = Release|Any CPU
	EndGlobalSection
	GlobalSection(ProjectConfigurationPlatforms) = postSolution
		{37C670B2-B0C0-4766-AAA7-D41D8740BC42}.Debug|Any CPU.ActiveCfg = Debug|Any CPU
		{37C670B2-B0C0-4766-AAA7-D41D8740BC42}.Debug|Any CPU.Build.0 = Debug|Any CPU
		{37C670B2-B0C0-4766-AAA7-D41D8740BC42}.Release|Any CPU.ActiveCfg = Release|Any CPU
		{37C670B2-B0C0-4766-AAA7-D41D8740BC42}.Release|Any CPU.Build.0 = Release|Any CPU
		{CB6FED86-8CF9-4391-BD5F-13C24DC2CA31}.Debug|Any CPU.ActiveCfg = Debug|Any CPU
		{CB6FED86-8CF9-4391-BD5F-13C24DC2CA31}.Debug|Any CPU.Build.0 = Debug|Any CPU
		{CB6FED86-8CF9-4391-BD5F-13C24DC2CA31}.Release|Any CPU.ActiveCfg = Release|Any CPU
		{CB6FED86-8CF9-4391-BD5F-13C24DC2CA31}.Release|Any CPU.Build.0 = Release|Any CPU
		{3E92A055-A6CF-4C15-8CC6-EBE22F11E628}.Debug|Any CPU.ActiveCfg = Debug|Any CPU
		{3E92A055-A6CF-4C15-8CC6-EBE22F11E628}.Debug|Any CPU.Build.0 = Debug|Any CPU
		{3E92A055-A6CF-4C15-8CC6-EBE22F11E628}.Release|Any CPU.ActiveCfg = Release|Any CPU
		{3E92A055-A6CF-4C15-8CC6-EBE22F11E628}.Release|Any CPU.Build.0 = Release|Any CPU
		{C0F536FB-2859-4B3F-B05E-6DB7AE9FB99A}.Debug|Any CPU.ActiveCfg = Debug|Any CPU
		{C0F536FB-2859-4B3F-B05E-6DB7AE9FB99A}.Debug|Any CPU.Build.0 = Debug|Any CPU
		{C0F536FB-2859-4B3F-B05E-6DB7AE9FB99A}.Release|Any CPU.ActiveCfg = Release|Any CPU
		{C0F536FB-2859-4B3F-B05E-6DB7AE9FB99A}.Release|Any CPU.Build.0 = Release|Any CPU
		{06F3DB60-48BE-4993-A4E0-24D1A614B51D}.Debug|Any CPU.ActiveCfg = Debug|Any CPU
		{06F3DB60-48BE-4993-A4E0-24D1A614B51D}.Debug|Any CPU.Build.0 = Debug|Any CPU
		{06F3DB60-48BE-4993-A4E0-24D1A614B51D}.Release|Any CPU.ActiveCfg = Release|Any CPU
		{06F3DB60-48BE-4993-A4E0-24D1A614B51D}.Release|Any CPU.Build.0 = Release|Any CPU
		{FF0A7788-64F4-4A54-B87B-32882C5DC3A1}.Debug|Any CPU.ActiveCfg = Debug|Any CPU
		{FF0A7788-64F4-4A54-B87B-32882C5DC3A1}.Debug|Any CPU.Build.0 = Debug|Any CPU
		{FF0A7788-64F4-4A54-B87B-32882C5DC3A1}.Release|Any CPU.ActiveCfg = Release|Any CPU
		{FF0A7788-64F4-4A54-B87B-32882C5DC3A1}.Release|Any CPU.Build.0 = Release|Any CPU
		{9F31B607-92A1-43DA-935C-F68FF263D7E2}.Debug|Any CPU.ActiveCfg = Debug|Any CPU
		{9F31B607-92A1-43DA-935C-F68FF263D7E2}.Debug|Any CPU.Build.0 = Debug|Any CPU
		{9F31B607-92A1-43DA-935C-F68FF263D7E2}.Release|Any CPU.ActiveCfg = Release|Any CPU
		{9F31B607-92A1-43DA-935C-F68FF263D7E2}.Release|Any CPU.Build.0 = Release|Any CPU
	EndGlobalSection
	GlobalSection(SolutionProperties) = preSolution
		HideSolutionNode = FALSE
	EndGlobalSection
	GlobalSection(NestedProjects) = preSolution
		{37C670B2-B0C0-4766-AAA7-D41D8740BC42} = {126E00BB-1BA7-4411-AE56-88C15DEE3936}
		{CB6FED86-8CF9-4391-BD5F-13C24DC2CA31} = {126E00BB-1BA7-4411-AE56-88C15DEE3936}
		{3E92A055-A6CF-4C15-8CC6-EBE22F11E628} = {126E00BB-1BA7-4411-AE56-88C15DEE3936}
		{C0F536FB-2859-4B3F-B05E-6DB7AE9FB99A} = {126E00BB-1BA7-4411-AE56-88C15DEE3936}
		{06F3DB60-48BE-4993-A4E0-24D1A614B51D} = {126E00BB-1BA7-4411-AE56-88C15DEE3936}
		{FF0A7788-64F4-4A54-B87B-32882C5DC3A1} = {126E00BB-1BA7-4411-AE56-88C15DEE3936}
		{9F31B607-92A1-43DA-935C-F68FF263D7E2} = {126E00BB-1BA7-4411-AE56-88C15DEE3936}
	EndGlobalSection
	GlobalSection(ExtensibilityGlobals) = postSolution
		SolutionGuid = {6965B1B7-1389-4057-8712-A309ACA51EA5}
	EndGlobalSection
EndGlobal
